
Microsoft Visual Studio Solution File, Format Version 12.00
# Visual Studio Version 16
VisualStudioVersion = 16.0.810.22
MinimumVisualStudioVersion = 10.0.40219.1
Project("{FAE04EC0-301F-11D3-BF4B-00C04F79EFBC}") = "Basic_Classes", "Basic_Classes\Basic_Classes.csproj", "{4A2635BC-3196-4435-8300-BCA0BA5BE759}"
EndProject
Global
	GlobalSection(SolutionConfigurationPlatforms) = preSolution
		Debug|Any CPU = Debug|Any CPU
		Release|Any CPU = Release|Any CPU
	EndGlobalSection
	GlobalSection(ProjectConfigurationPlatforms) = postSolution
		{4A2635BC-3196-4435-8300-BCA0BA5BE759}.Debug|Any CPU.ActiveCfg = Debug|Any CPU
		{4A2635BC-3196-4435-8300-BCA0BA5BE759}.Debug|Any CPU.Build.0 = Debug|Any CPU
		{4A2635BC-3196-4435-8300-BCA0BA5BE759}.Release|Any CPU.ActiveCfg = Release|Any CPU
		{4A2635BC-3196-4435-8300-BCA0BA5BE759}.Release|Any CPU.Build.0 = Release|Any CPU
	EndGlobalSection
	GlobalSection(SolutionProperties) = preSolution
		HideSolutionNode = FALSE
	EndGlobalSection
	GlobalSection(ExtensibilityGlobals) = postSolution
		SolutionGuid = {174D8E68-B655-4D67-B54D-103F2A2A1857}
	EndGlobalSection
EndGlobal
